// !$*UTF8*$!
{
	archiveVersion = 1;
	classes = {
	};
	objectVersion = 50;
	objects = {

/* Begin PBXBuildFile section */
		9C055EA7229CBA79001B544F /* HGTextFieldUITests.swift in Sources */ = {isa = PBXBuildFile; fileRef = 9C055EA6229CBA79001B544F /* HGTextFieldUITests.swift */; };
		9C055EB5229CBA88001B544F /* HGTextFieldTests.swift in Sources */ = {isa = PBXBuildFile; fileRef = 9C055EB4229CBA88001B544F /* HGTextFieldTests.swift */; };
		9C055EC0229CBE36001B544F /* HGFieldPackage.swift in Sources */ = {isa = PBXBuildFile; fileRef = 9C055EBF229CBE36001B544F /* HGFieldPackage.swift */; };
		9C055EC2229CBE49001B544F /* HGPlaceHolderPackage.swift in Sources */ = {isa = PBXBuildFile; fileRef = 9C055EC1229CBE49001B544F /* HGPlaceHolderPackage.swift */; };
		9C055EC4229CBE55001B544F /* HGWarningPackage.swift in Sources */ = {isa = PBXBuildFile; fileRef = 9C055EC3229CBE55001B544F /* HGWarningPackage.swift */; };
		9C055EC6229CC05F001B544F /* HGSeparatorPackage.swift in Sources */ = {isa = PBXBuildFile; fileRef = 9C055EC5229CC05F001B544F /* HGSeparatorPackage.swift */; };
		9C055EC8229CC6FF001B544F /* HGTextFieldStatus.swift in Sources */ = {isa = PBXBuildFile; fileRef = 9C055EC7229CC6FF001B544F /* HGTextFieldStatus.swift */; };
		9C9E7E43229C7229003A8E03 /* HGTextField.swift in Sources */ = {isa = PBXBuildFile; fileRef = 9C9E7E42229C7229003A8E03 /* HGTextField.swift */; };
		9CA01C482299E769003FE141 /* Validation.swift in Sources */ = {isa = PBXBuildFile; fileRef = 9CA01C472299E769003FE141 /* Validation.swift */; };
		9CB2DC36228CB4AC00BEBD8F /* AppDelegate.swift in Sources */ = {isa = PBXBuildFile; fileRef = 9CB2DC35228CB4AC00BEBD8F /* AppDelegate.swift */; };
		9CB2DC38228CB4AC00BEBD8F /* ViewController.swift in Sources */ = {isa = PBXBuildFile; fileRef = 9CB2DC37228CB4AC00BEBD8F /* ViewController.swift */; };
		9CB2DC3B228CB4AC00BEBD8F /* Main.storyboard in Resources */ = {isa = PBXBuildFile; fileRef = 9CB2DC39228CB4AC00BEBD8F /* Main.storyboard */; };
		9CB2DC3D228CB4AD00BEBD8F /* Assets.xcassets in Resources */ = {isa = PBXBuildFile; fileRef = 9CB2DC3C228CB4AD00BEBD8F /* Assets.xcassets */; };
		9CB2DC40228CB4AD00BEBD8F /* LaunchScreen.storyboard in Resources */ = {isa = PBXBuildFile; fileRef = 9CB2DC3E228CB4AD00BEBD8F /* LaunchScreen.storyboard */; };
		9CB2DC66228CB58100BEBD8F /* HGTextField.xib in Resources */ = {isa = PBXBuildFile; fileRef = 9CB2DC65228CB58100BEBD8F /* HGTextField.xib */; };
/* End PBXBuildFile section */

/* Begin PBXContainerItemProxy section */
		9C055EA9229CBA79001B544F /* PBXContainerItemProxy */ = {
			isa = PBXContainerItemProxy;
			containerPortal = 9CB2DC2A228CB4AC00BEBD8F /* Project object */;
			proxyType = 1;
			remoteGlobalIDString = 9CB2DC31228CB4AC00BEBD8F;
			remoteInfo = HGTextField;
		};
		9C055EB7229CBA88001B544F /* PBXContainerItemProxy */ = {
			isa = PBXContainerItemProxy;
			containerPortal = 9CB2DC2A228CB4AC00BEBD8F /* Project object */;
			proxyType = 1;
			remoteGlobalIDString = 9CB2DC31228CB4AC00BEBD8F;
			remoteInfo = HGTextField;
		};
/* End PBXContainerItemProxy section */

/* Begin PBXFileReference section */
		9C055EA4229CBA79001B544F /* HGTextFieldUITests.xctest */ = {isa = PBXFileReference; explicitFileType = wrapper.cfbundle; includeInIndex = 0; path = HGTextFieldUITests.xctest; sourceTree = BUILT_PRODUCTS_DIR; };
		9C055EA6229CBA79001B544F /* HGTextFieldUITests.swift */ = {isa = PBXFileReference; lastKnownFileType = sourcecode.swift; path = HGTextFieldUITests.swift; sourceTree = "<group>"; };
		9C055EA8229CBA79001B544F /* Info.plist */ = {isa = PBXFileReference; lastKnownFileType = text.plist.xml; path = Info.plist; sourceTree = "<group>"; };
		9C055EB2229CBA88001B544F /* HGTextFieldTests.xctest */ = {isa = PBXFileReference; explicitFileType = wrapper.cfbundle; includeInIndex = 0; path = HGTextFieldTests.xctest; sourceTree = BUILT_PRODUCTS_DIR; };
		9C055EB4229CBA88001B544F /* HGTextFieldTests.swift */ = {isa = PBXFileReference; lastKnownFileType = sourcecode.swift; path = HGTextFieldTests.swift; sourceTree = "<group>"; };
		9C055EB6229CBA88001B544F /* Info.plist */ = {isa = PBXFileReference; lastKnownFileType = text.plist.xml; path = Info.plist; sourceTree = "<group>"; };
		9C055EBF229CBE36001B544F /* HGFieldPackage.swift */ = {isa = PBXFileReference; lastKnownFileType = sourcecode.swift; path = HGFieldPackage.swift; sourceTree = "<group>"; };
		9C055EC1229CBE49001B544F /* HGPlaceHolderPackage.swift */ = {isa = PBXFileReference; lastKnownFileType = sourcecode.swift; path = HGPlaceHolderPackage.swift; sourceTree = "<group>"; };
		9C055EC3229CBE55001B544F /* HGWarningPackage.swift */ = {isa = PBXFileReference; lastKnownFileType = sourcecode.swift; path = HGWarningPackage.swift; sourceTree = "<group>"; };
		9C055EC5229CC05F001B544F /* HGSeparatorPackage.swift */ = {isa = PBXFileReference; lastKnownFileType = sourcecode.swift; path = HGSeparatorPackage.swift; sourceTree = "<group>"; };
		9C055EC7229CC6FF001B544F /* HGTextFieldStatus.swift */ = {isa = PBXFileReference; lastKnownFileType = sourcecode.swift; path = HGTextFieldStatus.swift; sourceTree = "<group>"; };
		9C9E7E42229C7229003A8E03 /* HGTextField.swift */ = {isa = PBXFileReference; fileEncoding = 4; lastKnownFileType = sourcecode.swift; path = HGTextField.swift; sourceTree = "<group>"; };
		9CA01C472299E769003FE141 /* Validation.swift */ = {isa = PBXFileReference; lastKnownFileType = sourcecode.swift; path = Validation.swift; sourceTree = "<group>"; };
		9CB2DC32228CB4AC00BEBD8F /* HGTextField.app */ = {isa = PBXFileReference; explicitFileType = wrapper.application; includeInIndex = 0; path = HGTextField.app; sourceTree = BUILT_PRODUCTS_DIR; };
		9CB2DC35228CB4AC00BEBD8F /* AppDelegate.swift */ = {isa = PBXFileReference; lastKnownFileType = sourcecode.swift; path = AppDelegate.swift; sourceTree = "<group>"; };
		9CB2DC37228CB4AC00BEBD8F /* ViewController.swift */ = {isa = PBXFileReference; lastKnownFileType = sourcecode.swift; path = ViewController.swift; sourceTree = "<group>"; };
		9CB2DC3A228CB4AC00BEBD8F /* Base */ = {isa = PBXFileReference; lastKnownFileType = file.storyboard; name = Base; path = Base.lproj/Main.storyboard; sourceTree = "<group>"; };
		9CB2DC3C228CB4AD00BEBD8F /* Assets.xcassets */ = {isa = PBXFileReference; lastKnownFileType = folder.assetcatalog; path = Assets.xcassets; sourceTree = "<group>"; };
		9CB2DC3F228CB4AD00BEBD8F /* Base */ = {isa = PBXFileReference; lastKnownFileType = file.storyboard; name = Base; path = Base.lproj/LaunchScreen.storyboard; sourceTree = "<group>"; };
		9CB2DC41228CB4AD00BEBD8F /* Info.plist */ = {isa = PBXFileReference; lastKnownFileType = text.plist.xml; path = Info.plist; sourceTree = "<group>"; };
		9CB2DC65228CB58100BEBD8F /* HGTextField.xib */ = {isa = PBXFileReference; lastKnownFileType = file.xib; path = HGTextField.xib; sourceTree = "<group>"; };
/* End PBXFileReference section */

/* Begin PBXFrameworksBuildPhase section */
		9C055EA1229CBA79001B544F /* Frameworks */ = {
			isa = PBXFrameworksBuildPhase;
			buildActionMask = 2147483647;
			files = (
			);
			runOnlyForDeploymentPostprocessing = 0;
		};
		9C055EAF229CBA88001B544F /* Frameworks */ = {
			isa = PBXFrameworksBuildPhase;
			buildActionMask = 2147483647;
			files = (
			);
			runOnlyForDeploymentPostprocessing = 0;
		};
		9CB2DC2F228CB4AC00BEBD8F /* Frameworks */ = {
			isa = PBXFrameworksBuildPhase;
			buildActionMask = 2147483647;
			files = (
			);
			runOnlyForDeploymentPostprocessing = 0;
		};
/* End PBXFrameworksBuildPhase section */

/* Begin PBXGroup section */
		9C055EA5229CBA79001B544F /* HGTextFieldUITests */ = {
			isa = PBXGroup;
			children = (
				9C055EA6229CBA79001B544F /* HGTextFieldUITests.swift */,
				9C055EA8229CBA79001B544F /* Info.plist */,
			);
			path = HGTextFieldUITests;
			sourceTree = "<group>";
		};
		9C055EB3229CBA88001B544F /* HGTextFieldTests */ = {
			isa = PBXGroup;
			children = (
				9C055EB4229CBA88001B544F /* HGTextFieldTests.swift */,
				9C055EB6229CBA88001B544F /* Info.plist */,
			);
			path = HGTextFieldTests;
			sourceTree = "<group>";
		};
		9C055EBC229CBE0C001B544F /* Model */ = {
			isa = PBXGroup;
			children = (
				9C055EBF229CBE36001B544F /* HGFieldPackage.swift */,
				9C055EC1229CBE49001B544F /* HGPlaceHolderPackage.swift */,
				9C055EC3229CBE55001B544F /* HGWarningPackage.swift */,
				9C055EC5229CC05F001B544F /* HGSeparatorPackage.swift */,
				9C055EC7229CC6FF001B544F /* HGTextFieldStatus.swift */,
			);
			path = Model;
			sourceTree = "<group>";
		};
		9CA01C492299EE5C003FE141 /* Component */ = {
			isa = PBXGroup;
			children = (
				9C055EBC229CBE0C001B544F /* Model */,
				9C9E7E42229C7229003A8E03 /* HGTextField.swift */,
				9CB2DC65228CB58100BEBD8F /* HGTextField.xib */,
				9CA01C472299E769003FE141 /* Validation.swift */,
			);
			path = Component;
			sourceTree = "<group>";
		};
		9CB2DC29228CB4AC00BEBD8F = {
			isa = PBXGroup;
			children = (
				9CB2DC34228CB4AC00BEBD8F /* HGTextField */,
				9C055EA5229CBA79001B544F /* HGTextFieldUITests */,
				9C055EB3229CBA88001B544F /* HGTextFieldTests */,
				9CB2DC33228CB4AC00BEBD8F /* Products */,
			);
			sourceTree = "<group>";
		};
		9CB2DC33228CB4AC00BEBD8F /* Products */ = {
			isa = PBXGroup;
			children = (
				9CB2DC32228CB4AC00BEBD8F /* HGTextField.app */,
				9C055EA4229CBA79001B544F /* HGTextFieldUITests.xctest */,
				9C055EB2229CBA88001B544F /* HGTextFieldTests.xctest */,
			);
			name = Products;
			sourceTree = "<group>";
		};
		9CB2DC34228CB4AC00BEBD8F /* HGTextField */ = {
			isa = PBXGroup;
			children = (
				9CA01C492299EE5C003FE141 /* Component */,
				9CB2DC35228CB4AC00BEBD8F /* AppDelegate.swift */,
				9CB2DC37228CB4AC00BEBD8F /* ViewController.swift */,
				9CB2DC39228CB4AC00BEBD8F /* Main.storyboard */,
				9CB2DC3C228CB4AD00BEBD8F /* Assets.xcassets */,
				9CB2DC3E228CB4AD00BEBD8F /* LaunchScreen.storyboard */,
				9CB2DC41228CB4AD00BEBD8F /* Info.plist */,
			);
			path = HGTextField;
			sourceTree = "<group>";
		};
/* End PBXGroup section */

/* Begin PBXNativeTarget section */
		9C055EA3229CBA79001B544F /* HGTextFieldUITests */ = {
			isa = PBXNativeTarget;
			buildConfigurationList = 9C055EAB229CBA79001B544F /* Build configuration list for PBXNativeTarget "HGTextFieldUITests" */;
			buildPhases = (
				9C055EA0229CBA79001B544F /* Sources */,
				9C055EA1229CBA79001B544F /* Frameworks */,
				9C055EA2229CBA79001B544F /* Resources */,
			);
			buildRules = (
			);
			dependencies = (
				9C055EAA229CBA79001B544F /* PBXTargetDependency */,
			);
			name = HGTextFieldUITests;
			productName = HGTextFieldUITests;
			productReference = 9C055EA4229CBA79001B544F /* HGTextFieldUITests.xctest */;
			productType = "com.apple.product-type.bundle.ui-testing";
		};
		9C055EB1229CBA88001B544F /* HGTextFieldTests */ = {
			isa = PBXNativeTarget;
			buildConfigurationList = 9C055EB9229CBA88001B544F /* Build configuration list for PBXNativeTarget "HGTextFieldTests" */;
			buildPhases = (
				9C055EAE229CBA88001B544F /* Sources */,
				9C055EAF229CBA88001B544F /* Frameworks */,
				9C055EB0229CBA88001B544F /* Resources */,
			);
			buildRules = (
			);
			dependencies = (
				9C055EB8229CBA88001B544F /* PBXTargetDependency */,
			);
			name = HGTextFieldTests;
			productName = HGTextFieldTests;
			productReference = 9C055EB2229CBA88001B544F /* HGTextFieldTests.xctest */;
			productType = "com.apple.product-type.bundle.unit-test";
		};
		9CB2DC31228CB4AC00BEBD8F /* HGTextField */ = {
			isa = PBXNativeTarget;
			buildConfigurationList = 9CB2DC5A228CB4AD00BEBD8F /* Build configuration list for PBXNativeTarget "HGTextField" */;
			buildPhases = (
				9CB2DC2E228CB4AC00BEBD8F /* Sources */,
				9CB2DC2F228CB4AC00BEBD8F /* Frameworks */,
				9CB2DC30228CB4AC00BEBD8F /* Resources */,
			);
			buildRules = (
			);
			dependencies = (
			);
			name = HGTextField;
			productName = TextFieldComponent;
			productReference = 9CB2DC32228CB4AC00BEBD8F /* HGTextField.app */;
			productType = "com.apple.product-type.application";
		};
/* End PBXNativeTarget section */

/* Begin PBXProject section */
		9CB2DC2A228CB4AC00BEBD8F /* Project object */ = {
			isa = PBXProject;
			attributes = {
				LastSwiftUpdateCheck = 1020;
				LastUpgradeCheck = 1020;
				ORGANIZATIONNAME = "hesham ghalaab";
				TargetAttributes = {
					9C055EA3229CBA79001B544F = {
						CreatedOnToolsVersion = 10.2.1;
						TestTargetID = 9CB2DC31228CB4AC00BEBD8F;
					};
					9C055EB1229CBA88001B544F = {
						CreatedOnToolsVersion = 10.2.1;
						TestTargetID = 9CB2DC31228CB4AC00BEBD8F;
					};
					9CB2DC31228CB4AC00BEBD8F = {
						CreatedOnToolsVersion = 10.2.1;
					};
				};
			};
			buildConfigurationList = 9CB2DC2D228CB4AC00BEBD8F /* Build configuration list for PBXProject "HGTextField" */;
			compatibilityVersion = "Xcode 9.3";
			developmentRegion = en;
			hasScannedForEncodings = 0;
			knownRegions = (
				en,
				Base,
			);
			mainGroup = 9CB2DC29228CB4AC00BEBD8F;
			productRefGroup = 9CB2DC33228CB4AC00BEBD8F /* Products */;
			projectDirPath = "";
			projectRoot = "";
			targets = (
				9CB2DC31228CB4AC00BEBD8F /* HGTextField */,
				9C055EA3229CBA79001B544F /* HGTextFieldUITests */,
				9C055EB1229CBA88001B544F /* HGTextFieldTests */,
			);
		};
/* End PBXProject section */

/* Begin PBXResourcesBuildPhase section */
		9C055EA2229CBA79001B544F /* Resources */ = {
			isa = PBXResourcesBuildPhase;
			buildActionMask = 2147483647;
			files = (
			);
			runOnlyForDeploymentPostprocessing = 0;
		};
		9C055EB0229CBA88001B544F /* Resources */ = {
			isa = PBXResourcesBuildPhase;
			buildActionMask = 2147483647;
			files = (
			);
			runOnlyForDeploymentPostprocessing = 0;
		};
		9CB2DC30228CB4AC00BEBD8F /* Resources */ = {
			isa = PBXResourcesBuildPhase;
			buildActionMask = 2147483647;
			files = (
				9CB2DC40228CB4AD00BEBD8F /* LaunchScreen.storyboard in Resources */,
				9CB2DC3D228CB4AD00BEBD8F /* Assets.xcassets in Resources */,
				9CB2DC3B228CB4AC00BEBD8F /* Main.storyboard in Resources */,
				9CB2DC66228CB58100BEBD8F /* HGTextField.xib in Resources */,
			);
			runOnlyForDeploymentPostprocessing = 0;
		};
/* End PBXResourcesBuildPhase section */

/* Begin PBXSourcesBuildPhase section */
		9C055EA0229CBA79001B544F /* Sources */ = {
			isa = PBXSourcesBuildPhase;
			buildActionMask = 2147483647;
			files = (
				9C055EA7229CBA79001B544F /* HGTextFieldUITests.swift in Sources */,
			);
			runOnlyForDeploymentPostprocessing = 0;
		};
		9C055EAE229CBA88001B544F /* Sources */ = {
			isa = PBXSourcesBuildPhase;
			buildActionMask = 2147483647;
			files = (
				9C055EB5229CBA88001B544F /* HGTextFieldTests.swift in Sources */,
			);
			runOnlyForDeploymentPostprocessing = 0;
		};
		9CB2DC2E228CB4AC00BEBD8F /* Sources */ = {
			isa = PBXSourcesBuildPhase;
			buildActionMask = 2147483647;
			files = (
				9CB2DC38228CB4AC00BEBD8F /* ViewController.swift in Sources */,
				9C055EC8229CC6FF001B544F /* HGTextFieldStatus.swift in Sources */,
				9C055EC2229CBE49001B544F /* HGPlaceHolderPackage.swift in Sources */,
				9CA01C482299E769003FE141 /* Validation.swift in Sources */,
				9C055EC0229CBE36001B544F /* HGFieldPackage.swift in Sources */,
				9C055EC4229CBE55001B544F /* HGWarningPackage.swift in Sources */,
				9CB2DC36228CB4AC00BEBD8F /* AppDelegate.swift in Sources */,
				9C9E7E43229C7229003A8E03 /* HGTextField.swift in Sources */,
				9C055EC6229CC05F001B544F /* HGSeparatorPackage.swift in Sources */,
			);
			runOnlyForDeploymentPostprocessing = 0;
		};
/* End PBXSourcesBuildPhase section */

/* Begin PBXTargetDependency section */
		9C055EAA229CBA79001B544F /* PBXTargetDependency */ = {
			isa = PBXTargetDependency;
			target = 9CB2DC31228CB4AC00BEBD8F /* HGTextField */;
			targetProxy = 9C055EA9229CBA79001B544F /* PBXContainerItemProxy */;
		};
		9C055EB8229CBA88001B544F /* PBXTargetDependency */ = {
			isa = PBXTargetDependency;
			target = 9CB2DC31228CB4AC00BEBD8F /* HGTextField */;
			targetProxy = 9C055EB7229CBA88001B544F /* PBXContainerItemProxy */;
		};
/* End PBXTargetDependency section */

/* Begin PBXVariantGroup section */
		9CB2DC39228CB4AC00BEBD8F /* Main.storyboard */ = {
			isa = PBXVariantGroup;
			children = (
				9CB2DC3A228CB4AC00BEBD8F /* Base */,
			);
			name = Main.storyboard;
			sourceTree = "<group>";
		};
		9CB2DC3E228CB4AD00BEBD8F /* LaunchScreen.storyboard */ = {
			isa = PBXVariantGroup;
			children = (
				9CB2DC3F228CB4AD00BEBD8F /* Base */,
			);
			name = LaunchScreen.storyboard;
			sourceTree = "<group>";
		};
/* End PBXVariantGroup section */

/* Begin XCBuildConfiguration section */
		9C055EAC229CBA79001B544F /* Debug */ = {
			isa = XCBuildConfiguration;
			buildSettings = {
				CODE_SIGN_STYLE = Automatic;
				DEVELOPMENT_TEAM = Y2XWB859K6;
				INFOPLIST_FILE = HGTextFieldUITests/Info.plist;
				LD_RUNPATH_SEARCH_PATHS = (
					"$(inherited)",
					"@executable_path/Frameworks",
					"@loader_path/Frameworks",
				);
				PRODUCT_BUNDLE_IDENTIFIER = HG.HGTextFieldUITests;
				PRODUCT_NAME = "$(TARGET_NAME)";
				SWIFT_VERSION = 5.0;
				TARGETED_DEVICE_FAMILY = "1,2";
				TEST_TARGET_NAME = HGTextField;
			};
			name = Debug;
		};
		9C055EAD229CBA79001B544F /* Release */ = {
			isa = XCBuildConfiguration;
			buildSettings = {
				CODE_SIGN_STYLE = Automatic;
				DEVELOPMENT_TEAM = Y2XWB859K6;
				INFOPLIST_FILE = HGTextFieldUITests/Info.plist;
				LD_RUNPATH_SEARCH_PATHS = (
					"$(inherited)",
					"@executable_path/Frameworks",
					"@loader_path/Frameworks",
				);
				PRODUCT_BUNDLE_IDENTIFIER = HG.HGTextFieldUITests;
				PRODUCT_NAME = "$(TARGET_NAME)";
				SWIFT_VERSION = 5.0;
				TARGETED_DEVICE_FAMILY = "1,2";
				TEST_TARGET_NAME = HGTextField;
			};
			name = Release;
		};
		9C055EBA229CBA88001B544F /* Debug */ = {
			isa = XCBuildConfiguration;
			buildSettings = {
				BUNDLE_LOADER = "$(TEST_HOST)";
				CODE_SIGN_STYLE = Automatic;
				DEVELOPMENT_TEAM = Y2XWB859K6;
				INFOPLIST_FILE = HGTextFieldTests/Info.plist;
				LD_RUNPATH_SEARCH_PATHS = (
					"$(inherited)",
					"@executable_path/Frameworks",
					"@loader_path/Frameworks",
				);
				PRODUCT_BUNDLE_IDENTIFIER = HG.HGTextFieldTests;
				PRODUCT_NAME = "$(TARGET_NAME)";
				SWIFT_VERSION = 5.0;
				TARGETED_DEVICE_FAMILY = "1,2";
				TEST_HOST = "$(BUILT_PRODUCTS_DIR)/HGTextField.app/HGTextField";
			};
			name = Debug;
		};
		9C055EBB229CBA88001B544F /* Release */ = {
			isa = XCBuildConfiguration;
			buildSettings = {
				BUNDLE_LOADER = "$(TEST_HOST)";
				CODE_SIGN_STYLE = Automatic;
				DEVELOPMENT_TEAM = Y2XWB859K6;
				INFOPLIST_FILE = HGTextFieldTests/Info.plist;
				LD_RUNPATH_SEARCH_PATHS = (
					"$(inherited)",
					"@executable_path/Frameworks",
					"@loader_path/Frameworks",
				);
				PRODUCT_BUNDLE_IDENTIFIER = HG.HGTextFieldTests;
				PRODUCT_NAME = "$(TARGET_NAME)";
				SWIFT_VERSION = 5.0;
				TARGETED_DEVICE_FAMILY = "1,2";
				TEST_HOST = "$(BUILT_PRODUCTS_DIR)/HGTextField.app/HGTextField";
			};
			name = Release;
		};
		9CB2DC58228CB4AD00BEBD8F /* Debug */ = {
			isa = XCBuildConfiguration;
			buildSettings = {
				ALWAYS_SEARCH_USER_PATHS = NO;
				CLANG_ANALYZER_NONNULL = YES;
				CLANG_ANALYZER_NUMBER_OBJECT_CONVERSION = YES_AGGRESSIVE;
				CLANG_CXX_LANGUAGE_STANDARD = "gnu++14";
				CLANG_CXX_LIBRARY = "libc++";
				CLANG_ENABLE_MODULES = YES;
				CLANG_ENABLE_OBJC_ARC = YES;
				CLANG_ENABLE_OBJC_WEAK = YES;
				CLANG_WARN_BLOCK_CAPTURE_AUTORELEASING = YES;
				CLANG_WARN_BOOL_CONVERSION = YES;
				CLANG_WARN_COMMA = YES;
				CLANG_WARN_CONSTANT_CONVERSION = YES;
				CLANG_WARN_DEPRECATED_OBJC_IMPLEMENTATIONS = YES;
				CLANG_WARN_DIRECT_OBJC_ISA_USAGE = YES_ERROR;
				CLANG_WARN_DOCUMENTATION_COMMENTS = YES;
				CLANG_WARN_EMPTY_BODY = YES;
				CLANG_WARN_ENUM_CONVERSION = YES;
				CLANG_WARN_INFINITE_RECURSION = YES;
				CLANG_WARN_INT_CONVERSION = YES;
				CLANG_WARN_NON_LITERAL_NULL_CONVERSION = YES;
				CLANG_WARN_OBJC_IMPLICIT_RETAIN_SELF = YES;
				CLANG_WARN_OBJC_LITERAL_CONVERSION = YES;
				CLANG_WARN_OBJC_ROOT_CLASS = YES_ERROR;
				CLANG_WARN_RANGE_LOOP_ANALYSIS = YES;
				CLANG_WARN_STRICT_PROTOTYPES = YES;
				CLANG_WARN_SUSPICIOUS_MOVE = YES;
				CLANG_WARN_UNGUARDED_AVAILABILITY = YES_AGGRESSIVE;
				CLANG_WARN_UNREACHABLE_CODE = YES;
				CLANG_WARN__DUPLICATE_METHOD_MATCH = YES;
				CODE_SIGN_IDENTITY = "iPhone Developer";
				COPY_PHASE_STRIP = NO;
				DEBUG_INFORMATION_FORMAT = dwarf;
				ENABLE_STRICT_OBJC_MSGSEND = YES;
				ENABLE_TESTABILITY = YES;
				GCC_C_LANGUAGE_STANDARD = gnu11;
				GCC_DYNAMIC_NO_PIC = NO;
				GCC_NO_COMMON_BLOCKS = YES;
				GCC_OPTIMIZATION_LEVEL = 0;
				GCC_PREPROCESSOR_DEFINITIONS = (
					"DEBUG=1",
					"$(inherited)",
				);
				GCC_WARN_64_TO_32_BIT_CONVERSION = YES;
				GCC_WARN_ABOUT_RETURN_TYPE = YES_ERROR;
				GCC_WARN_UNDECLARED_SELECTOR = YES;
				GCC_WARN_UNINITIALIZED_AUTOS = YES_AGGRESSIVE;
				GCC_WARN_UNUSED_FUNCTION = YES;
				GCC_WARN_UNUSED_VARIABLE = YES;
				IPHONEOS_DEPLOYMENT_TARGET = 12.2;
				MTL_ENABLE_DEBUG_INFO = INCLUDE_SOURCE;
				MTL_FAST_MATH = YES;
				ONLY_ACTIVE_ARCH = YES;
				SDKROOT = iphoneos;
				SWIFT_ACTIVE_COMPILATION_CONDITIONS = DEBUG;
				SWIFT_OPTIMIZATION_LEVEL = "-Onone";
			};
			name = Debug;
		};
		9CB2DC59228CB4AD00BEBD8F /* Release */ = {
			isa = XCBuildConfiguration;
			buildSettings = {
				ALWAYS_SEARCH_USER_PATHS = NO;
				CLANG_ANALYZER_NONNULL = YES;
				CLANG_ANALYZER_NUMBER_OBJECT_CONVERSION = YES_AGGRESSIVE;
				CLANG_CXX_LANGUAGE_STANDARD = "gnu++14";
				CLANG_CXX_LIBRARY = "libc++";
				CLANG_ENABLE_MODULES = YES;
				CLANG_ENABLE_OBJC_ARC = YES;
				CLANG_ENABLE_OBJC_WEAK = YES;
				CLANG_WARN_BLOCK_CAPTURE_AUTORELEASING = YES;
				CLANG_WARN_BOOL_CONVERSION = YES;
				CLANG_WARN_COMMA = YES;
				CLANG_WARN_CONSTANT_CONVERSION = YES;
				CLANG_WARN_DEPRECATED_OBJC_IMPLEMENTATIONS = YES;
				CLANG_WARN_DIRECT_OBJC_ISA_USAGE = YES_ERROR;
				CLANG_WARN_DOCUMENTATION_COMMENTS = YES;
				CLANG_WARN_EMPTY_BODY = YES;
				CLANG_WARN_ENUM_CONVERSION = YES;
				CLANG_WARN_INFINITE_RECURSION = YES;
				CLANG_WARN_INT_CONVERSION = YES;
				CLANG_WARN_NON_LITERAL_NULL_CONVERSION = YES;
				CLANG_WARN_OBJC_IMPLICIT_RETAIN_SELF = YES;
				CLANG_WARN_OBJC_LITERAL_CONVERSION = YES;
				CLANG_WARN_OBJC_ROOT_CLASS = YES_ERROR;
				CLANG_WARN_RANGE_LOOP_ANALYSIS = YES;
				CLANG_WARN_STRICT_PROTOTYPES = YES;
				CLANG_WARN_SUSPICIOUS_MOVE = YES;
				CLANG_WARN_UNGUARDED_AVAILABILITY = YES_AGGRESSIVE;
				CLANG_WARN_UNREACHABLE_CODE = YES;
				CLANG_WARN__DUPLICATE_METHOD_MATCH = YES;
				CODE_SIGN_IDENTITY = "iPhone Developer";
				COPY_PHASE_STRIP = NO;
				DEBUG_INFORMATION_FORMAT = "dwarf-with-dsym";
				ENABLE_NS_ASSERTIONS = NO;
				ENABLE_STRICT_OBJC_MSGSEND = YES;
				GCC_C_LANGUAGE_STANDARD = gnu11;
				GCC_NO_COMMON_BLOCKS = YES;
				GCC_WARN_64_TO_32_BIT_CONVERSION = YES;
				GCC_WARN_ABOUT_RETURN_TYPE = YES_ERROR;
				GCC_WARN_UNDECLARED_SELECTOR = YES;
				GCC_WARN_UNINITIALIZED_AUTOS = YES_AGGRESSIVE;
				GCC_WARN_UNUSED_FUNCTION = YES;
				GCC_WARN_UNUSED_VARIABLE = YES;
				IPHONEOS_DEPLOYMENT_TARGET = 12.2;
				MTL_ENABLE_DEBUG_INFO = NO;
				MTL_FAST_MATH = YES;
				SDKROOT = iphoneos;
				SWIFT_COMPILATION_MODE = wholemodule;
				SWIFT_OPTIMIZATION_LEVEL = "-O";
				VALIDATE_PRODUCT = YES;
			};
			name = Release;
		};
		9CB2DC5B228CB4AD00BEBD8F /* Debug */ = {
			isa = XCBuildConfiguration;
			buildSettings = {
				ASSETCATALOG_COMPILER_APPICON_NAME = AppIcon;
				CODE_SIGN_STYLE = Automatic;
				DEVELOPMENT_TEAM = Y2XWB859K6;
				INFOPLIST_FILE = HGTextField/Info.plist;
				LD_RUNPATH_SEARCH_PATHS = (
					"$(inherited)",
					"@executable_path/Frameworks",
				);
				PRODUCT_BUNDLE_IDENTIFIER = HG.HGTextField;
				PRODUCT_NAME = "$(TARGET_NAME)";
				SWIFT_VERSION = 5.0;
				TARGETED_DEVICE_FAMILY = "1,2";
			};
			name = Debug;
		};
		9CB2DC5C228CB4AD00BEBD8F /* Release */ = {
			isa = XCBuildConfiguration;
			buildSettings = {
				ASSETCATALOG_COMPILER_APPICON_NAME = AppIcon;
				CODE_SIGN_STYLE = Automatic;
				DEVELOPMENT_TEAM = Y2XWB859K6;
				INFOPLIST_FILE = HGTextField/Info.plist;
				LD_RUNPATH_SEARCH_PATHS = (
					"$(inherited)",
					"@executable_path/Frameworks",
				);
				PRODUCT_BUNDLE_IDENTIFIER = HG.HGTextField;
				PRODUCT_NAME = "$(TARGET_NAME)";
				SWIFT_VERSION = 5.0;
				TARGETED_DEVICE_FAMILY = "1,2";
			};
			name = Release;
		};
/* End XCBuildConfiguration section */

/* Begin XCConfigurationList section */
		9C055EAB229CBA79001B544F /* Build configuration list for PBXNativeTarget "HGTextFieldUITests" */ = {
			isa = XCConfigurationList;
			buildConfigurations = (
				9C055EAC229CBA79001B544F /* Debug */,
				9C055EAD229CBA79001B544F /* Release */,
			);
			defaultConfigurationIsVisible = 0;
			defaultConfigurationName = Release;
		};
		9C055EB9229CBA88001B544F /* Build configuration list for PBXNativeTarget "HGTextFieldTests" */ = {
			isa = XCConfigurationList;
			buildConfigurations = (
				9C055EBA229CBA88001B544F /* Debug */,
				9C055EBB229CBA88001B544F /* Release */,
			);
			defaultConfigurationIsVisible = 0;
			defaultConfigurationName = Release;
		};
		9CB2DC2D228CB4AC00BEBD8F /* Build configuration list for PBXProject "HGTextField" */ = {
			isa = XCConfigurationList;
			buildConfigurations = (
				9CB2DC58228CB4AD00BEBD8F /* Debug */,
				9CB2DC59228CB4AD00BEBD8F /* Release */,
			);
			defaultConfigurationIsVisible = 0;
			defaultConfigurationName = Release;
		};
		9CB2DC5A228CB4AD00BEBD8F /* Build configuration list for PBXNativeTarget "HGTextField" */ = {
			isa = XCConfigurationList;
			buildConfigurations = (
				9CB2DC5B228CB4AD00BEBD8F /* Debug */,
				9CB2DC5C228CB4AD00BEBD8F /* Release */,
			);
			defaultConfigurationIsVisible = 0;
			defaultConfigurationName = Release;
		};
/* End XCConfigurationList section */
	};
	rootObject = 9CB2DC2A228CB4AC00BEBD8F /* Project object */;
}
